{
  "name": "redux-arena",
  "version": "0.2.2",
  "lockfileVersion": 1,
  "requires": true,
  "dependencies": {
    "aphrodite": {
      "version": "0.2.0",
      "resolved": "http://registry.npm.taobao.org/aphrodite/download/aphrodite-0.2.0.tgz",
      "integrity": "sha1-D5MUzmwjiRt2SNFJUeIz84/4jus=",
      "dev": true,
      "requires": {
        "asap": "2.0.6"
      }
    },
    "asap": {
      "version": "2.0.6",
      "resolved": "http://registry.npm.taobao.org/asap/download/asap-2.0.6.tgz",
      "integrity": "sha1-5QNHYR1+aQlDIIu9r+vLwvuGbUY=",
      "dev": true
    },
    "babel-plugin-transform-runtime": {
      "version": "6.23.0",
      "resolved": "http://registry.npm.taobao.org/babel-plugin-transform-runtime/download/babel-plugin-transform-runtime-6.23.0.tgz",
      "integrity": "sha1-iEkNRGUC6puOfvsP4J7E2ZR5se4=",
      "dev": true,
      "requires": {
        "babel-runtime": "6.26.0"
      }
    },
    "babel-runtime": {
      "version": "6.26.0",
      "resolved": "http://registry.npm.taobao.org/babel-runtime/download/babel-runtime-6.26.0.tgz",
      "integrity": "sha1-llxwWGaOgrVde/4E/yM3vItWR/4=",
      "dev": true,
      "requires": {
        "core-js": "2.5.0",
        "regenerator-runtime": "0.11.0"
      },
      "dependencies": {
        "core-js": {
          "version": "2.5.0",
          "resolved": "http://registry.npm.taobao.org/core-js/download/core-js-2.5.0.tgz",
          "integrity": "sha1-VpwFCRi+ZIazg3VSAorgRmtxcIY=",
          "dev": true
        }
      }
    },
    "base16": {
      "version": "1.0.0",
      "resolved": "http://registry.npm.taobao.org/base16/download/base16-1.0.0.tgz",
      "integrity": "sha1-4pf2DX7BAUp6lxo568ipjAtoHnA=",
      "dev": true
    },
    "core-js": {
      "version": "1.2.7",
      "resolved": "http://registry.npm.taobao.org/core-js/download/core-js-1.2.7.tgz",
      "integrity": "sha1-ZSKUwUZR2yj6k70tX/KYOk8IxjY=",
      "dev": true
    },
    "d3": {
      "version": "3.5.17",
      "resolved": "http://registry.npm.taobao.org/d3/download/d3-3.5.17.tgz",
      "integrity": "sha1-vEZ0gAQ3iyGjYMn8fPUjF5B2L7g=",
      "dev": true
    },
    "d3-state-visualizer": {
      "version": "1.3.1",
      "resolved": "http://registry.npm.taobao.org/d3-state-visualizer/download/d3-state-visualizer-1.3.1.tgz",
      "integrity": "sha1-FMn8MVCcUduQntcVpBwFaGhw8YI=",
      "dev": true,
      "requires": {
        "d3": "3.5.17",
        "d3tooltip": "1.2.2",
        "deepmerge": "0.2.10",
        "is-plain-object": "2.0.1",
        "map2tree": "1.4.0",
        "ramda": "0.17.1"
      }
    },
    "d3tooltip": {
      "version": "1.2.2",
      "resolved": "http://registry.npm.taobao.org/d3tooltip/download/d3tooltip-1.2.2.tgz",
      "integrity": "sha1-iKiyUl+4zEeRluA4Koy4WPvyezI=",
      "dev": true,
      "requires": {
        "ramda": "0.17.1"
      }
    },
    "deep-diff": {
      "version": "0.3.8",
      "resolved": "http://registry.npm.taobao.org/deep-diff/download/deep-diff-0.3.8.tgz",
      "integrity": "sha1-wB3mPvsO7JeYgB1Ax+Da4ltYLIQ=",
      "dev": true
    },
    "deepmerge": {
      "version": "0.2.10",
      "resolved": "http://registry.npm.taobao.org/deepmerge/download/deepmerge-0.2.10.tgz",
      "integrity": "sha1-iQa/nlJaT78bIDsq/LRkAkmCEhk=",
      "dev": true
    },
    "encoding": {
      "version": "0.1.12",
      "resolved": "http://registry.npm.taobao.org/encoding/download/encoding-0.1.12.tgz",
      "integrity": "sha1-U4tm8+5izRq1HsMjgp0flIDHS+s=",
      "dev": true,
      "requires": {
        "iconv-lite": "0.4.18"
      }
    },
    "fbjs": {
      "version": "0.8.14",
      "resolved": "http://registry.npm.taobao.org/fbjs/download/fbjs-0.8.14.tgz",
      "integrity": "sha1-0dviviVMNakeCfMfnNUKQLKg7Rw=",
      "dev": true,
      "requires": {
        "core-js": "1.2.7",
        "isomorphic-fetch": "2.2.1",
        "loose-envify": "1.3.1",
        "object-assign": "4.1.1",
        "promise": "7.3.1",
        "setimmediate": "1.0.5",
        "ua-parser-js": "0.7.14"
      }
    },
    "iconv-lite": {
      "version": "0.4.18",
      "resolved": "http://registry.npm.taobao.org/iconv-lite/download/iconv-lite-0.4.18.tgz",
      "integrity": "sha1-I9hlaxaq5nQqwpcy6o8DNqR4nPI=",
      "dev": true
    },
    "immutable": {
      "version": "3.8.1",
      "resolved": "http://registry.npm.taobao.org/immutable/download/immutable-3.8.1.tgz",
      "integrity": "sha1-IAgH8Rqw9ycQ6khVQt4IgHX2jNI=",
      "dev": true
    },
    "is-plain-object": {
      "version": "2.0.1",
      "resolved": "http://registry.npm.taobao.org/is-plain-object/download/is-plain-object-2.0.1.tgz",
      "integrity": "sha1-TXylObydubc3uKy2EvIxjvkvKU8=",
      "dev": true,
      "requires": {
        "isobject": "1.0.2"
      }
    },
    "is-stream": {
      "version": "1.1.0",
      "resolved": "http://registry.npm.taobao.org/is-stream/download/is-stream-1.1.0.tgz",
      "integrity": "sha1-EtSj3U5o4Lec6428hBc66A2RykQ=",
      "dev": true
    },
    "isobject": {
      "version": "1.0.2",
      "resolved": "http://registry.npm.taobao.org/isobject/download/isobject-1.0.2.tgz",
      "integrity": "sha1-8Pm4zpLdVA+gdAiC44NaLgIux4o=",
      "dev": true
    },
    "isomorphic-fetch": {
      "version": "2.2.1",
      "resolved": "http://registry.npm.taobao.org/isomorphic-fetch/download/isomorphic-fetch-2.2.1.tgz",
      "integrity": "sha1-YRrhrPFPXoH3KVB0coGf6XM1WKk=",
      "dev": true,
      "requires": {
        "node-fetch": "1.7.2",
        "whatwg-fetch": "2.0.3"
      }
    },
    "js-tokens": {
      "version": "3.0.2",
      "resolved": "http://registry.npm.taobao.org/js-tokens/download/js-tokens-3.0.2.tgz",
      "integrity": "sha1-mGbfOVECEw449/mWvOtlRDIJwls=",
      "dev": true
    },
    "lodash": {
      "version": "4.17.4",
      "resolved": "http://registry.npm.taobao.org/lodash/download/lodash-4.17.4.tgz",
      "integrity": "sha1-eCA6TRwyiuHYbcpkYONptX9AVa4=",
      "dev": true
    },
    "lodash._getnative": {
      "version": "3.9.1",
      "resolved": "http://registry.npm.taobao.org/lodash._getnative/download/lodash._getnative-3.9.1.tgz",
      "integrity": "sha1-VwvH3t5G1hzc3mh9ZdPuy6o6r/U=",
      "dev": true
    },
    "lodash.debounce": {
      "version": "3.1.1",
      "resolved": "http://registry.npm.taobao.org/lodash.debounce/download/lodash.debounce-3.1.1.tgz",
      "integrity": "sha1-gSIRw3ipTMKdWqTjNGzwv846ffU=",
      "dev": true,
      "requires": {
        "lodash._getnative": "3.9.1"
      }
    },
    "loose-envify": {
      "version": "1.3.1",
      "resolved": "http://registry.npm.taobao.org/loose-envify/download/loose-envify-1.3.1.tgz",
      "integrity": "sha1-0aitM/qc4OcT1l/dCsi3SNR4yEg=",
      "dev": true,
      "requires": {
        "js-tokens": "3.0.2"
      }
    },
    "map2tree": {
      "version": "1.4.0",
      "resolved": "http://registry.npm.taobao.org/map2tree/download/map2tree-1.4.0.tgz",
      "integrity": "sha1-HR3XfHffeJ5dmoaUohPNfCTtWbQ=",
      "dev": true,
      "requires": {
        "lodash": "4.2.1"
      },
      "dependencies": {
        "lodash": {
          "version": "4.2.1",
          "resolved": "http://registry.npm.taobao.org/lodash/download/lodash-4.2.1.tgz",
          "integrity": "sha1-Fx/c+7ww1onFRM0YwFKfVt5sGqk=",
          "dev": true
        }
      }
    },
    "node-fetch": {
      "version": "1.7.2",
      "resolved": "http://registry.npm.taobao.org/node-fetch/download/node-fetch-1.7.2.tgz",
      "integrity": "sha1-xU6arFfkModSM1JfPIkcQVn/79c=",
      "dev": true,
      "requires": {
        "encoding": "0.1.12",
        "is-stream": "1.1.0"
      }
    },
    "object-assign": {
      "version": "4.1.1",
      "resolved": "http://registry.npm.taobao.org/object-assign/download/object-assign-4.1.1.tgz",
      "integrity": "sha1-IQmtx5ZYh8/AXLvUQsrIv7s2CGM=",
      "dev": true
    },
    "parse-key": {
      "version": "0.2.1",
      "resolved": "http://registry.npm.taobao.org/parse-key/download/parse-key-0.2.1.tgz",
      "integrity": "sha1-e892WVU242B1Zkvk1ofkvdkQII8=",
      "dev": true
    },
    "promise": {
      "version": "7.3.1",
      "resolved": "http://registry.npm.taobao.org/promise/download/promise-7.3.1.tgz",
      "integrity": "sha1-BktyYCsY+Q8pGSuLG8QY/9Hr078=",
      "dev": true,
      "requires": {
        "asap": "2.0.6"
      }
    },
    "ramda": {
      "version": "0.17.1",
      "resolved": "http://registry.npm.taobao.org/ramda/download/ramda-0.17.1.tgz",
      "integrity": "sha1-TBmBR9OrVOjBUlXxFzDiEW9uYHM=",
      "dev": true
    },
    "react-dock": {
      "version": "0.2.4",
      "resolved": "http://registry.npm.taobao.org/react-dock/download/react-dock-0.2.4.tgz",
      "integrity": "sha1-5yfcdVCztzEWY13LnA4E0Lev4Xw=",
      "dev": true,
      "requires": {
        "lodash.debounce": "3.1.1",
        "prop-types": "15.5.10"
      },
      "dependencies": {
        "prop-types": {
          "version": "15.5.10",
          "resolved": "http://registry.npm.taobao.org/prop-types/download/prop-types-15.5.10.tgz",
          "integrity": "sha1-J5ffwxJhguOpXj37suiT3ddFYVQ=",
          "dev": true,
          "requires": {
            "fbjs": "0.8.14",
            "loose-envify": "1.3.1"
          }
        }
      }
    },
    "react-json-tree": {
      "version": "0.6.8",
      "resolved": "http://registry.npm.taobao.org/react-json-tree/download/react-json-tree-0.6.8.tgz",
      "integrity": "sha1-6ET0MfdZyUxVeDVWMAhE+zs15iM=",
      "dev": true,
      "requires": {
        "babel-plugin-transform-runtime": "6.23.0",
        "babel-runtime": "6.26.0",
        "react-mixin": "1.7.0",
        "react-pure-render": "1.0.2"
      }
    },
    "react-mixin": {
      "version": "1.7.0",
      "resolved": "http://registry.npm.taobao.org/react-mixin/download/react-mixin-1.7.0.tgz",
      "integrity": "sha1-OMIsPrAgZPCPLCWHimDaw+lW9Ew=",
      "dev": true,
      "requires": {
        "object-assign": "2.1.1",
        "smart-mixin": "1.2.1"
      },
      "dependencies": {
        "object-assign": {
          "version": "2.1.1",
          "resolved": "http://registry.npm.taobao.org/object-assign/download/object-assign-2.1.1.tgz",
          "integrity": "sha1-Q8NuXVaf+OSBbE76i+AtJpZ8GKo=",
          "dev": true
        }
      }
    },
    "react-pure-render": {
      "version": "1.0.2",
      "resolved": "http://registry.npm.taobao.org/react-pure-render/download/react-pure-render-1.0.2.tgz",
      "integrity": "sha1-nYqSjH8sN1E8LQZOV7Pjw1bp+rs=",
      "dev": true
    },
    "redux-devtools": {
      "version": "3.4.0",
      "resolved": "http://registry.npm.taobao.org/redux-devtools/download/redux-devtools-3.4.0.tgz",
      "integrity": "sha1-m/hBUVQwH1aQbyajb1vB9cqRO7U=",
      "dev": true,
      "requires": {
        "lodash": "4.17.4",
        "prop-types": "15.5.10",
        "redux-devtools-instrument": "1.8.2"
      },
      "dependencies": {
        "prop-types": {
          "version": "15.5.10",
          "resolved": "http://registry.npm.taobao.org/prop-types/download/prop-types-15.5.10.tgz",
          "integrity": "sha1-J5ffwxJhguOpXj37suiT3ddFYVQ=",
          "dev": true,
          "requires": {
            "fbjs": "0.8.14",
            "loose-envify": "1.3.1"
          }
        }
      }
    },
    "redux-devtools-chart-monitor": {
      "version": "1.6.1",
      "resolved": "http://registry.npm.taobao.org/redux-devtools-chart-monitor/download/redux-devtools-chart-monitor-1.6.1.tgz",
      "integrity": "sha1-bh+ZqvbvyzruHBGN1qjXvys2lTo=",
      "dev": true,
      "requires": {
        "d3-state-visualizer": "1.3.1",
        "deepmerge": "0.2.10",
        "react-pure-render": "1.0.2",
        "redux-devtools-themes": "1.0.0"
      }
    },
    "redux-devtools-diff-monitor": {
      "version": "5.0.5",
      "resolved": "http://registry.npm.taobao.org/redux-devtools-diff-monitor/download/redux-devtools-diff-monitor-5.0.5.tgz",
      "integrity": "sha1-TCf0tS9e2SWFb/sq2GlUIy3dm3Q=",
      "dev": true,
      "requires": {
        "aphrodite": "0.2.0",
        "deep-diff": "0.3.8",
        "immutable": "3.8.1",
        "react-json-tree": "0.6.8"
      }
    },
    "redux-devtools-dock-monitor": {
      "version": "1.1.2",
      "resolved": "http://registry.npm.taobao.org/redux-devtools-dock-monitor/download/redux-devtools-dock-monitor-1.1.2.tgz",
      "integrity": "sha1-6yE6Ah+MJbiS9smL24c2hhXj0gE=",
      "dev": true,
      "requires": {
        "babel-runtime": "6.26.0",
        "parse-key": "0.2.1",
        "prop-types": "15.5.10",
        "react-dock": "0.2.4",
        "react-pure-render": "1.0.2"
      },
      "dependencies": {
        "prop-types": {
          "version": "15.5.10",
          "resolved": "http://registry.npm.taobao.org/prop-types/download/prop-types-15.5.10.tgz",
          "integrity": "sha1-J5ffwxJhguOpXj37suiT3ddFYVQ=",
          "dev": true,
          "requires": {
            "fbjs": "0.8.14",
            "loose-envify": "1.3.1"
          }
        }
      }
    },
    "redux-devtools-instrument": {
      "version": "1.8.2",
      "resolved": "http://registry.npm.taobao.org/redux-devtools-instrument/download/redux-devtools-instrument-1.8.2.tgz",
      "integrity": "sha1-XpHP5ALnkNrj/S8NI197fYSwn/4=",
      "dev": true,
      "requires": {
        "lodash": "4.17.4",
        "symbol-observable": "1.0.4"
      }
    },
    "redux-devtools-themes": {
      "version": "1.0.0",
      "resolved": "http://registry.npm.taobao.org/redux-devtools-themes/download/redux-devtools-themes-1.0.0.tgz",
      "integrity": "sha1-xILc48U3OXYEX0ATSQfZ3LOuPV0=",
      "dev": true,
      "requires": {
        "base16": "1.0.0"
      }
    },
    "redux-thunk": {
      "version": "2.2.0",
      "resolved": "http://registry.npm.taobao.org/redux-thunk/download/redux-thunk-2.2.0.tgz",
      "integrity": "sha1-5hWhbha0ehmlFXZhM9Hj6Zt4UuU=",
      "dev": true
    },
    "regenerator-runtime": {
      "version": "0.11.0",
      "resolved": "http://registry.npm.taobao.org/regenerator-runtime/download/regenerator-runtime-0.11.0.tgz",
      "integrity": "sha1-flT+W1zNXWYk6mJVw0c74JC4AuE=",
      "dev": true
    },
    "setimmediate": {
      "version": "1.0.5",
      "resolved": "http://registry.npm.taobao.org/setimmediate/download/setimmediate-1.0.5.tgz",
      "integrity": "sha1-KQy7Iy4waULX1+qbg3Mqt4VvgoU=",
      "dev": true
    },
    "smart-mixin": {
      "version": "1.2.1",
      "resolved": "http://registry.npm.taobao.org/smart-mixin/download/smart-mixin-1.2.1.tgz",
      "integrity": "sha1-EaKz5GKN/uFqyctR7dMBviG+FFI=",
      "dev": true
    },
    "symbol-observable": {
      "version": "1.0.4",
      "resolved": "http://registry.npm.taobao.org/symbol-observable/download/symbol-observable-1.0.4.tgz",
      "integrity": "sha1-Kb9hXUqnEhvdiYsi1LP5vE4qoD0=",
      "dev": true
    },
    "ua-parser-js": {
      "version": "0.7.14",
      "resolved": "http://registry.npm.taobao.org/ua-parser-js/download/ua-parser-js-0.7.14.tgz",
      "integrity": "sha1-EQ1T+kw/MmwSEpK76skE0uAzh8o=",
      "dev": true
    },
    "whatwg-fetch": {
      "version": "2.0.3",
      "resolved": "http://registry.npm.taobao.org/whatwg-fetch/download/whatwg-fetch-2.0.3.tgz",
      "integrity": "sha1-nITsLc9oGH/wC8ZOEnS0QhduHIQ=",
      "dev": true
    }
  }
}
